
Microsoft Visual Studio Solution File, Format Version 11.00
# Visual Studio 2010
Project("{FAE04EC0-301F-11D3-BF4B-00C04F79EFBC}") = "ZippyWPFForm", "ZippyWPFForm\ZippyWPFForm.csproj", "{4B604AFA-84C9-4900-A37C-C867238BF3CA}"
EndProject
Project("{FAE04EC0-301F-11D3-BF4B-00C04F79EFBC}") = "ZippyCoder", "ZippyCoder\ZippyCoder.csproj", "{FF918644-D52B-479F-9304-8C2D5CB2D8E5}"
EndProject
Project("{FAE04EC0-301F-11D3-BF4B-00C04F79EFBC}") = "Zhwell.ZPPlugins", "Zhwell.ZPPlugins\Zhwell.ZPPlugins.csproj", "{56530896-6508-4888-B19A-45A25F43569E}"
EndProject
Global
	GlobalSection(TeamFoundationVersionControl) = preSolution
		SccNumberOfProjects = 4
		SccEnterpriseProvider = {4CA58AB2-18FA-4F8D-95D4-32DDF27D184C}
		SccTeamFoundationServer = http://li0001:8080/tfs/liwill
		SccLocalPath0 = .
		SccProjectUniqueName1 = ZippyWPFForm\\ZippyWPFForm.csproj
		SccProjectName1 = ZippyWPFForm
		SccLocalPath1 = ZippyWPFForm
		SccProjectUniqueName2 = ZippyCoder\\ZippyCoder.csproj
		SccProjectName2 = ZippyCoder
		SccLocalPath2 = ZippyCoder
		SccProjectUniqueName3 = Zhwell.ZPPlugins\\Zhwell.ZPPlugins.csproj
		SccProjectName3 = Zhwell.ZPPlugins
		SccLocalPath3 = Zhwell.ZPPlugins
	EndGlobalSection
	GlobalSection(SolutionConfigurationPlatforms) = preSolution
		Debug|Any CPU = Debug|Any CPU
		Debug|Mixed Platforms = Debug|Mixed Platforms
		Debug|x86 = Debug|x86
		Release|Any CPU = Release|Any CPU
		Release|Mixed Platforms = Release|Mixed Platforms
		Release|x86 = Release|x86
	EndGlobalSection
	GlobalSection(ProjectConfigurationPlatforms) = postSolution
		{4B604AFA-84C9-4900-A37C-C867238BF3CA}.Debug|Any CPU.ActiveCfg = Debug|x86
		{4B604AFA-84C9-4900-A37C-C867238BF3CA}.Debug|Mixed Platforms.ActiveCfg = Debug|x86
		{4B604AFA-84C9-4900-A37C-C867238BF3CA}.Debug|Mixed Platforms.Build.0 = Debug|x86
		{4B604AFA-84C9-4900-A37C-C867238BF3CA}.Debug|x86.ActiveCfg = Debug|x86
		{4B604AFA-84C9-4900-A37C-C867238BF3CA}.Debug|x86.Build.0 = Debug|x86
		{4B604AFA-84C9-4900-A37C-C867238BF3CA}.Release|Any CPU.ActiveCfg = Release|x86
		{4B604AFA-84C9-4900-A37C-C867238BF3CA}.Release|Mixed Platforms.ActiveCfg = Release|x86
		{4B604AFA-84C9-4900-A37C-C867238BF3CA}.Release|Mixed Platforms.Build.0 = Release|x86
		{4B604AFA-84C9-4900-A37C-C867238BF3CA}.Release|x86.ActiveCfg = Release|x86
		{4B604AFA-84C9-4900-A37C-C867238BF3CA}.Release|x86.Build.0 = Release|x86
		{FF918644-D52B-479F-9304-8C2D5CB2D8E5}.Debug|Any CPU.ActiveCfg = Debug|Any CPU
		{FF918644-D52B-479F-9304-8C2D5CB2D8E5}.Debug|Any CPU.Build.0 = Debug|Any CPU
		{FF918644-D52B-479F-9304-8C2D5CB2D8E5}.Debug|Mixed Platforms.ActiveCfg = Debug|Any CPU
		{FF918644-D52B-479F-9304-8C2D5CB2D8E5}.Debug|Mixed Platforms.Build.0 = Debug|Any CPU
		{FF918644-D52B-479F-9304-8C2D5CB2D8E5}.Debug|x86.ActiveCfg = Debug|Any CPU
		{FF918644-D52B-479F-9304-8C2D5CB2D8E5}.Release|Any CPU.ActiveCfg = Release|Any CPU
		{FF918644-D52B-479F-9304-8C2D5CB2D8E5}.Release|Any CPU.Build.0 = Release|Any CPU
		{FF918644-D52B-479F-9304-8C2D5CB2D8E5}.Release|Mixed Platforms.ActiveCfg = Release|Any CPU
		{FF918644-D52B-479F-9304-8C2D5CB2D8E5}.Release|Mixed Platforms.Build.0 = Release|Any CPU
		{FF918644-D52B-479F-9304-8C2D5CB2D8E5}.Release|x86.ActiveCfg = Release|Any CPU
		{56530896-6508-4888-B19A-45A25F43569E}.Debug|Any CPU.ActiveCfg = Debug|Any CPU
		{56530896-6508-4888-B19A-45A25F43569E}.Debug|Any CPU.Build.0 = Debug|Any CPU
		{56530896-6508-4888-B19A-45A25F43569E}.Debug|Mixed Platforms.ActiveCfg = Debug|Any CPU
		{56530896-6508-4888-B19A-45A25F43569E}.Debug|Mixed Platforms.Build.0 = Debug|Any CPU
		{56530896-6508-4888-B19A-45A25F43569E}.Debug|x86.ActiveCfg = Debug|Any CPU
		{56530896-6508-4888-B19A-45A25F43569E}.Release|Any CPU.ActiveCfg = Release|Any CPU
		{56530896-6508-4888-B19A-45A25F43569E}.Release|Any CPU.Build.0 = Release|Any CPU
		{56530896-6508-4888-B19A-45A25F43569E}.Release|Mixed Platforms.ActiveCfg = Release|Any CPU
		{56530896-6508-4888-B19A-45A25F43569E}.Release|Mixed Platforms.Build.0 = Release|Any CPU
		{56530896-6508-4888-B19A-45A25F43569E}.Release|x86.ActiveCfg = Release|Any CPU
	EndGlobalSection
	GlobalSection(SolutionProperties) = preSolution
		HideSolutionNode = FALSE
	EndGlobalSection
EndGlobal
